// !$*UTF8*$!
{
	archiveVersion = 1;
	classes = {
	};
	objectVersion = 56;
	objects = {

/* Begin PBXBuildFile section */
		B40542272C51B05300261C5A /* AppDelegate.swift in Sources */ = {isa = PBXBuildFile; fileRef = B40542262C51B05300261C5A /* AppDelegate.swift */; };
		B40542292C51B05300261C5A /* SceneDelegate.swift in Sources */ = {isa = PBXBuildFile; fileRef = B40542282C51B05300261C5A /* SceneDelegate.swift */; };
		B40542302C51B05400261C5A /* Assets.xcassets in Resources */ = {isa = PBXBuildFile; fileRef = B405422F2C51B05400261C5A /* Assets.xcassets */; };
		B40542332C51B05400261C5A /* Base in Resources */ = {isa = PBXBuildFile; fileRef = B40542322C51B05400261C5A /* Base */; };
		B40542432C51B5E700261C5A /* StoryboardedView.swift in Sources */ = {isa = PBXBuildFile; fileRef = B405423D2C51B5E700261C5A /* StoryboardedView.swift */; };
		B40542442C51B5E700261C5A /* BaseRouter.swift in Sources */ = {isa = PBXBuildFile; fileRef = B405423E2C51B5E700261C5A /* BaseRouter.swift */; };
		B40542452C51B5E700261C5A /* BaseModule.swift in Sources */ = {isa = PBXBuildFile; fileRef = B405423F2C51B5E700261C5A /* BaseModule.swift */; };
		B40542462C51B5E700261C5A /* BaseViewModel.swift in Sources */ = {isa = PBXBuildFile; fileRef = B40542402C51B5E700261C5A /* BaseViewModel.swift */; };
		B40542472C51B5E700261C5A /* BaseView.swift in Sources */ = {isa = PBXBuildFile; fileRef = B40542412C51B5E700261C5A /* BaseView.swift */; };
		B40542482C51B5E700261C5A /* StoryboardedViewController.swift in Sources */ = {isa = PBXBuildFile; fileRef = B40542422C51B5E700261C5A /* StoryboardedViewController.swift */; };
		B405424E2C51B6AD00261C5A /* MovieSearchModule.swift in Sources */ = {isa = PBXBuildFile; fileRef = B405424D2C51B6AD00261C5A /* MovieSearchModule.swift */; };
		B40542502C51B6B900261C5A /* MovieSearchRouter.swift in Sources */ = {isa = PBXBuildFile; fileRef = B405424F2C51B6B900261C5A /* MovieSearchRouter.swift */; };
		B40542522C51B6CA00261C5A /* MovieSearchRouterProtocol.swift in Sources */ = {isa = PBXBuildFile; fileRef = B40542512C51B6CA00261C5A /* MovieSearchRouterProtocol.swift */; };
		B40542542C51B6D800261C5A /* MovieSearchViewModel.swift in Sources */ = {isa = PBXBuildFile; fileRef = B40542532C51B6D800261C5A /* MovieSearchViewModel.swift */; };
		B40542562C51B6E300261C5A /* MovieSearchViewModelProtocol.swift in Sources */ = {isa = PBXBuildFile; fileRef = B40542552C51B6E300261C5A /* MovieSearchViewModelProtocol.swift */; };
		B40542582C51B70900261C5A /* MovieSearchView.swift in Sources */ = {isa = PBXBuildFile; fileRef = B40542572C51B70900261C5A /* MovieSearchView.swift */; };
		B405425A2C51B71300261C5A /* MovieSearchView.storyboard in Resources */ = {isa = PBXBuildFile; fileRef = B40542592C51B71300261C5A /* MovieSearchView.storyboard */; };
		B405425E2C51B90800261C5A /* ContextProtocol.swift in Sources */ = {isa = PBXBuildFile; fileRef = B405425D2C51B90800261C5A /* ContextProtocol.swift */; };
		B40542602C51B91000261C5A /* MainContext.swift in Sources */ = {isa = PBXBuildFile; fileRef = B405425F2C51B91000261C5A /* MainContext.swift */; };
		B40542632C51BC5800261C5A /* UIViewController+Extensions.swift in Sources */ = {isa = PBXBuildFile; fileRef = B40542622C51BC5800261C5A /* UIViewController+Extensions.swift */; };
		B40542682C51BF4200261C5A /* RequestProtocol.swift in Sources */ = {isa = PBXBuildFile; fileRef = B40542672C51BF4200261C5A /* RequestProtocol.swift */; };
		B405426A2C51BF5C00261C5A /* RequestMethod.swift in Sources */ = {isa = PBXBuildFile; fileRef = B40542692C51BF5C00261C5A /* RequestMethod.swift */; };
		B405426C2C51BF7300261C5A /* ResponseType.swift in Sources */ = {isa = PBXBuildFile; fileRef = B405426B2C51BF7300261C5A /* ResponseType.swift */; };
		B405426E2C51BF8500261C5A /* RequestType.swift in Sources */ = {isa = PBXBuildFile; fileRef = B405426D2C51BF8500261C5A /* RequestType.swift */; };
		B40542702C51C04C00261C5A /* JSONDecoder+Default.swift in Sources */ = {isa = PBXBuildFile; fileRef = B405426F2C51C04C00261C5A /* JSONDecoder+Default.swift */; };
		B40542732C51C09200261C5A /* APIRequestProtocol.swift in Sources */ = {isa = PBXBuildFile; fileRef = B40542722C51C09200261C5A /* APIRequestProtocol.swift */; };
		B40542752C51C0B200261C5A /* APIRequest.swift in Sources */ = {isa = PBXBuildFile; fileRef = B40542742C51C0B200261C5A /* APIRequest.swift */; };
		B40542772C51C0D700261C5A /* APIError.swift in Sources */ = {isa = PBXBuildFile; fileRef = B40542762C51C0D700261C5A /* APIError.swift */; };
		B405427C2C51C1D700261C5A /* MovieRemoteDataStoreProtocol.swift in Sources */ = {isa = PBXBuildFile; fileRef = B405427B2C51C1D700261C5A /* MovieRemoteDataStoreProtocol.swift */; };
		B405427E2C51C1DF00261C5A /* MovieRemoteDataStore.swift in Sources */ = {isa = PBXBuildFile; fileRef = B405427D2C51C1DF00261C5A /* MovieRemoteDataStore.swift */; };
		B40542802C51C1FD00261C5A /* Movie.swift in Sources */ = {isa = PBXBuildFile; fileRef = B405427F2C51C1FD00261C5A /* Movie.swift */; };
		B40542822C51C41200261C5A /* MovieRequest.swift in Sources */ = {isa = PBXBuildFile; fileRef = B40542812C51C41200261C5A /* MovieRequest.swift */; };
		B40542842C51C5A300261C5A /* MovieSearch.swift in Sources */ = {isa = PBXBuildFile; fileRef = B40542832C51C5A300261C5A /* MovieSearch.swift */; };
		B40542872C51C67600261C5A /* SearchView.swift in Sources */ = {isa = PBXBuildFile; fileRef = B40542862C51C67600261C5A /* SearchView.swift */; };
		B40542892C51C73700261C5A /* Fonts.swift in Sources */ = {isa = PBXBuildFile; fileRef = B40542882C51C73700261C5A /* Fonts.swift */; };
		B405428E2C51C81400261C5A /* Localizable.strings in Resources */ = {isa = PBXBuildFile; fileRef = B405428C2C51C81400261C5A /* Localizable.strings */; };
		B40542922C51C88100261C5A /* Localized.swift in Sources */ = {isa = PBXBuildFile; fileRef = B40542912C51C88100261C5A /* Localized.swift */; };
		B40542942C51C91E00261C5A /* UIView+Extensions.swift in Sources */ = {isa = PBXBuildFile; fileRef = B40542932C51C91E00261C5A /* UIView+Extensions.swift */; };
		B40542992C51CD3E00261C5A /* BuildConfig.swift in Sources */ = {isa = PBXBuildFile; fileRef = B40542982C51CD3E00261C5A /* BuildConfig.swift */; };
		B405429B2C51CD8C00261C5A /* Bundle+Extensions.swift in Sources */ = {isa = PBXBuildFile; fileRef = B405429A2C51CD8C00261C5A /* Bundle+Extensions.swift */; };
		B405429E2C51CF5500261C5A /* MovieRepository.swift in Sources */ = {isa = PBXBuildFile; fileRef = B405429D2C51CF5500261C5A /* MovieRepository.swift */; };
		B40542A02C51CF6400261C5A /* MovieRepositoryProtocol.swift in Sources */ = {isa = PBXBuildFile; fileRef = B405429F2C51CF6400261C5A /* MovieRepositoryProtocol.swift */; };
		B40542A22C51D21900261C5A /* LoadingState.swift in Sources */ = {isa = PBXBuildFile; fileRef = B40542A12C51D21900261C5A /* LoadingState.swift */; };
		B40542A52C51D2E800261C5A /* MovieSearchCellViewModel.swift in Sources */ = {isa = PBXBuildFile; fileRef = B40542A42C51D2E800261C5A /* MovieSearchCellViewModel.swift */; };
		B40542A72C51D76B00261C5A /* MovieSearchCell.swift in Sources */ = {isa = PBXBuildFile; fileRef = B40542A62C51D76B00261C5A /* MovieSearchCell.swift */; };
		B40542A92C51D77500261C5A /* MovieSearchCell.xib in Resources */ = {isa = PBXBuildFile; fileRef = B40542A82C51D77500261C5A /* MovieSearchCell.xib */; };
		B40542AB2C51DA2500261C5A /* UICollectionView+Extensions.swift in Sources */ = {isa = PBXBuildFile; fileRef = B40542AA2C51DA2500261C5A /* UICollectionView+Extensions.swift */; };
		B40542AE2C51DD7000261C5A /* Kingfisher in Frameworks */ = {isa = PBXBuildFile; productRef = B40542AD2C51DD7000261C5A /* Kingfisher */; };
		B40542B02C51DFB800261C5A /* ImageURLGenerator.swift in Sources */ = {isa = PBXBuildFile; fileRef = B40542AF2C51DFB800261C5A /* ImageURLGenerator.swift */; };
		B40542B62C51E5CF00261C5A /* MovieDetailModule.swift in Sources */ = {isa = PBXBuildFile; fileRef = B40542B52C51E5CF00261C5A /* MovieDetailModule.swift */; };
		B40542B82C51E60200261C5A /* MovieDetailRouter.swift in Sources */ = {isa = PBXBuildFile; fileRef = B40542B72C51E60200261C5A /* MovieDetailRouter.swift */; };
		B40542BA2C51E60B00261C5A /* MovieDetailRouterProtocol.swift in Sources */ = {isa = PBXBuildFile; fileRef = B40542B92C51E60B00261C5A /* MovieDetailRouterProtocol.swift */; };
		B40542BC2C51E61200261C5A /* MovieDetailViewModel.swift in Sources */ = {isa = PBXBuildFile; fileRef = B40542BB2C51E61200261C5A /* MovieDetailViewModel.swift */; };
		B40542BE2C51E61B00261C5A /* MovieDetailViewModelProtocol.swift in Sources */ = {isa = PBXBuildFile; fileRef = B40542BD2C51E61B00261C5A /* MovieDetailViewModelProtocol.swift */; };
		B40542C02C51E62400261C5A /* MovieDetailView.swift in Sources */ = {isa = PBXBuildFile; fileRef = B40542BF2C51E62400261C5A /* MovieDetailView.swift */; };
		B40542C22C51E62C00261C5A /* MovieDetailView.storyboard in Resources */ = {isa = PBXBuildFile; fileRef = B40542C12C51E62C00261C5A /* MovieDetailView.storyboard */; };
		B40542D12C51F6E700261C5A /* MovieDetailViewModelTests.swift in Sources */ = {isa = PBXBuildFile; fileRef = B40542D02C51F6E700261C5A /* MovieDetailViewModelTests.swift */; };
		B40542D42C51F73A00261C5A /* TestContext.swift in Sources */ = {isa = PBXBuildFile; fileRef = B40542D32C51F73A00261C5A /* TestContext.swift */; };
		B40542D62C51F78300261C5A /* MockMovieRepository.swift in Sources */ = {isa = PBXBuildFile; fileRef = B40542D52C51F78300261C5A /* MockMovieRepository.swift */; };
		B40542D82C51F78B00261C5A /* TestError.swift in Sources */ = {isa = PBXBuildFile; fileRef = B40542D72C51F78B00261C5A /* TestError.swift */; };
		B40542DB2C51FFD300261C5A /* Movie+Stub.swift in Sources */ = {isa = PBXBuildFile; fileRef = B40542DA2C51FFD300261C5A /* Movie+Stub.swift */; };
		B40542DD2C51FFF200261C5A /* String+Random.swift in Sources */ = {isa = PBXBuildFile; fileRef = B40542DC2C51FFF200261C5A /* String+Random.swift */; };
		B40542DF2C52023E00261C5A /* MovieSearchViewModelTests.swift in Sources */ = {isa = PBXBuildFile; fileRef = B40542DE2C52023E00261C5A /* MovieSearchViewModelTests.swift */; };
/* End PBXBuildFile section */

/* Begin PBXContainerItemProxy section */
		B40542CB2C51F6C900261C5A /* PBXContainerItemProxy */ = {
			isa = PBXContainerItemProxy;
			containerPortal = B405421B2C51B05300261C5A /* Project object */;
			proxyType = 1;
			remoteGlobalIDString = B40542222C51B05300261C5A;
			remoteInfo = "Movie App";
		};
/* End PBXContainerItemProxy section */

/* Begin PBXFileReference section */
		B40542232C51B05300261C5A /* Movie App.app */ = {isa = PBXFileReference; explicitFileType = wrapper.application; includeInIndex = 0; path = "Movie App.app"; sourceTree = BUILT_PRODUCTS_DIR; };
		B40542262C51B05300261C5A /* AppDelegate.swift */ = {isa = PBXFileReference; lastKnownFileType = sourcecode.swift; path = AppDelegate.swift; sourceTree = "<group>"; };
		B40542282C51B05300261C5A /* SceneDelegate.swift */ = {isa = PBXFileReference; lastKnownFileType = sourcecode.swift; path = SceneDelegate.swift; sourceTree = "<group>"; };
		B405422F2C51B05400261C5A /* Assets.xcassets */ = {isa = PBXFileReference; lastKnownFileType = folder.assetcatalog; path = Assets.xcassets; sourceTree = "<group>"; };
		B40542322C51B05400261C5A /* Base */ = {isa = PBXFileReference; lastKnownFileType = file.storyboard; name = Base; path = Base.lproj/LaunchScreen.storyboard; sourceTree = "<group>"; };
		B40542342C51B05400261C5A /* Info.plist */ = {isa = PBXFileReference; lastKnownFileType = text.plist.xml; path = Info.plist; sourceTree = "<group>"; };
		B405423D2C51B5E700261C5A /* StoryboardedView.swift */ = {isa = PBXFileReference; fileEncoding = 4; lastKnownFileType = sourcecode.swift; path = StoryboardedView.swift; sourceTree = "<group>"; };
		B405423E2C51B5E700261C5A /* BaseRouter.swift */ = {isa = PBXFileReference; fileEncoding = 4; lastKnownFileType = sourcecode.swift; path = BaseRouter.swift; sourceTree = "<group>"; };
		B405423F2C51B5E700261C5A /* BaseModule.swift */ = {isa = PBXFileReference; fileEncoding = 4; lastKnownFileType = sourcecode.swift; path = BaseModule.swift; sourceTree = "<group>"; };
		B40542402C51B5E700261C5A /* BaseViewModel.swift */ = {isa = PBXFileReference; fileEncoding = 4; lastKnownFileType = sourcecode.swift; path = BaseViewModel.swift; sourceTree = "<group>"; };
		B40542412C51B5E700261C5A /* BaseView.swift */ = {isa = PBXFileReference; fileEncoding = 4; lastKnownFileType = sourcecode.swift; path = BaseView.swift; sourceTree = "<group>"; };
		B40542422C51B5E700261C5A /* StoryboardedViewController.swift */ = {isa = PBXFileReference; fileEncoding = 4; lastKnownFileType = sourcecode.swift; path = StoryboardedViewController.swift; sourceTree = "<group>"; };
		B405424D2C51B6AD00261C5A /* MovieSearchModule.swift */ = {isa = PBXFileReference; lastKnownFileType = sourcecode.swift; path = MovieSearchModule.swift; sourceTree = "<group>"; };
		B405424F2C51B6B900261C5A /* MovieSearchRouter.swift */ = {isa = PBXFileReference; lastKnownFileType = sourcecode.swift; path = MovieSearchRouter.swift; sourceTree = "<group>"; };
		B40542512C51B6CA00261C5A /* MovieSearchRouterProtocol.swift */ = {isa = PBXFileReference; lastKnownFileType = sourcecode.swift; path = MovieSearchRouterProtocol.swift; sourceTree = "<group>"; };
		B40542532C51B6D800261C5A /* MovieSearchViewModel.swift */ = {isa = PBXFileReference; lastKnownFileType = sourcecode.swift; path = MovieSearchViewModel.swift; sourceTree = "<group>"; };
		B40542552C51B6E300261C5A /* MovieSearchViewModelProtocol.swift */ = {isa = PBXFileReference; lastKnownFileType = sourcecode.swift; path = MovieSearchViewModelProtocol.swift; sourceTree = "<group>"; };
		B40542572C51B70900261C5A /* MovieSearchView.swift */ = {isa = PBXFileReference; lastKnownFileType = sourcecode.swift; path = MovieSearchView.swift; sourceTree = "<group>"; };
		B40542592C51B71300261C5A /* MovieSearchView.storyboard */ = {isa = PBXFileReference; lastKnownFileType = file.storyboard; path = MovieSearchView.storyboard; sourceTree = "<group>"; };
		B405425D2C51B90800261C5A /* ContextProtocol.swift */ = {isa = PBXFileReference; lastKnownFileType = sourcecode.swift; path = ContextProtocol.swift; sourceTree = "<group>"; };
		B405425F2C51B91000261C5A /* MainContext.swift */ = {isa = PBXFileReference; lastKnownFileType = sourcecode.swift; path = MainContext.swift; sourceTree = "<group>"; };
		B40542622C51BC5800261C5A /* UIViewController+Extensions.swift */ = {isa = PBXFileReference; lastKnownFileType = sourcecode.swift; path = "UIViewController+Extensions.swift"; sourceTree = "<group>"; };
		B40542672C51BF4200261C5A /* RequestProtocol.swift */ = {isa = PBXFileReference; lastKnownFileType = sourcecode.swift; path = RequestProtocol.swift; sourceTree = "<group>"; };
		B40542692C51BF5C00261C5A /* RequestMethod.swift */ = {isa = PBXFileReference; lastKnownFileType = sourcecode.swift; path = RequestMethod.swift; sourceTree = "<group>"; };
		B405426B2C51BF7300261C5A /* ResponseType.swift */ = {isa = PBXFileReference; lastKnownFileType = sourcecode.swift; path = ResponseType.swift; sourceTree = "<group>"; };
		B405426D2C51BF8500261C5A /* RequestType.swift */ = {isa = PBXFileReference; lastKnownFileType = sourcecode.swift; path = RequestType.swift; sourceTree = "<group>"; };
		B405426F2C51C04C00261C5A /* JSONDecoder+Default.swift */ = {isa = PBXFileReference; lastKnownFileType = sourcecode.swift; path = "JSONDecoder+Default.swift"; sourceTree = "<group>"; };
		B40542722C51C09200261C5A /* APIRequestProtocol.swift */ = {isa = PBXFileReference; lastKnownFileType = sourcecode.swift; path = APIRequestProtocol.swift; sourceTree = "<group>"; };
		B40542742C51C0B200261C5A /* APIRequest.swift */ = {isa = PBXFileReference; lastKnownFileType = sourcecode.swift; path = APIRequest.swift; sourceTree = "<group>"; };
		B40542762C51C0D700261C5A /* APIError.swift */ = {isa = PBXFileReference; lastKnownFileType = sourcecode.swift; path = APIError.swift; sourceTree = "<group>"; };
		B405427B2C51C1D700261C5A /* MovieRemoteDataStoreProtocol.swift */ = {isa = PBXFileReference; lastKnownFileType = sourcecode.swift; path = MovieRemoteDataStoreProtocol.swift; sourceTree = "<group>"; };
		B405427D2C51C1DF00261C5A /* MovieRemoteDataStore.swift */ = {isa = PBXFileReference; lastKnownFileType = sourcecode.swift; path = MovieRemoteDataStore.swift; sourceTree = "<group>"; };
		B405427F2C51C1FD00261C5A /* Movie.swift */ = {isa = PBXFileReference; lastKnownFileType = sourcecode.swift; path = Movie.swift; sourceTree = "<group>"; };
		B40542812C51C41200261C5A /* MovieRequest.swift */ = {isa = PBXFileReference; lastKnownFileType = sourcecode.swift; path = MovieRequest.swift; sourceTree = "<group>"; };
		B40542832C51C5A300261C5A /* MovieSearch.swift */ = {isa = PBXFileReference; lastKnownFileType = sourcecode.swift; path = MovieSearch.swift; sourceTree = "<group>"; };
		B40542862C51C67600261C5A /* SearchView.swift */ = {isa = PBXFileReference; lastKnownFileType = sourcecode.swift; path = SearchView.swift; sourceTree = "<group>"; };
		B40542882C51C73700261C5A /* Fonts.swift */ = {isa = PBXFileReference; lastKnownFileType = sourcecode.swift; path = Fonts.swift; sourceTree = "<group>"; };
		B405428A2C51C7C600261C5A /* fa */ = {isa = PBXFileReference; lastKnownFileType = text.plist.strings; name = fa; path = fa.lproj/LaunchScreen.strings; sourceTree = "<group>"; };
		B405428B2C51C7FB00261C5A /* en-US */ = {isa = PBXFileReference; lastKnownFileType = text.plist.strings; name = "en-US"; path = "en-US.lproj/LaunchScreen.strings"; sourceTree = "<group>"; };
		B405428D2C51C81400261C5A /* fa */ = {isa = PBXFileReference; lastKnownFileType = text.plist.strings; name = fa; path = fa.lproj/Localizable.strings; sourceTree = "<group>"; };
		B405428F2C51C81700261C5A /* en-US */ = {isa = PBXFileReference; lastKnownFileType = text.plist.strings; name = "en-US"; path = "en-US.lproj/Localizable.strings"; sourceTree = "<group>"; };
		B40542912C51C88100261C5A /* Localized.swift */ = {isa = PBXFileReference; lastKnownFileType = sourcecode.swift; path = Localized.swift; sourceTree = "<group>"; };
		B40542932C51C91E00261C5A /* UIView+Extensions.swift */ = {isa = PBXFileReference; lastKnownFileType = sourcecode.swift; path = "UIView+Extensions.swift"; sourceTree = "<group>"; };
		B40542962C51CAEB00261C5A /* config.debug.xcconfig */ = {isa = PBXFileReference; lastKnownFileType = text.xcconfig; path = config.debug.xcconfig; sourceTree = "<group>"; };
		B40542972C51CAF700261C5A /* config.release.xcconfig */ = {isa = PBXFileReference; lastKnownFileType = text.xcconfig; path = config.release.xcconfig; sourceTree = "<group>"; };
		B40542982C51CD3E00261C5A /* BuildConfig.swift */ = {isa = PBXFileReference; lastKnownFileType = sourcecode.swift; path = BuildConfig.swift; sourceTree = "<group>"; };
		B405429A2C51CD8C00261C5A /* Bundle+Extensions.swift */ = {isa = PBXFileReference; lastKnownFileType = sourcecode.swift; path = "Bundle+Extensions.swift"; sourceTree = "<group>"; };
		B405429D2C51CF5500261C5A /* MovieRepository.swift */ = {isa = PBXFileReference; lastKnownFileType = sourcecode.swift; path = MovieRepository.swift; sourceTree = "<group>"; };
		B405429F2C51CF6400261C5A /* MovieRepositoryProtocol.swift */ = {isa = PBXFileReference; lastKnownFileType = sourcecode.swift; path = MovieRepositoryProtocol.swift; sourceTree = "<group>"; };
		B40542A12C51D21900261C5A /* LoadingState.swift */ = {isa = PBXFileReference; lastKnownFileType = sourcecode.swift; path = LoadingState.swift; sourceTree = "<group>"; };
		B40542A42C51D2E800261C5A /* MovieSearchCellViewModel.swift */ = {isa = PBXFileReference; lastKnownFileType = sourcecode.swift; path = MovieSearchCellViewModel.swift; sourceTree = "<group>"; };
		B40542A62C51D76B00261C5A /* MovieSearchCell.swift */ = {isa = PBXFileReference; lastKnownFileType = sourcecode.swift; path = MovieSearchCell.swift; sourceTree = "<group>"; };
		B40542A82C51D77500261C5A /* MovieSearchCell.xib */ = {isa = PBXFileReference; lastKnownFileType = file.xib; path = MovieSearchCell.xib; sourceTree = "<group>"; };
		B40542AA2C51DA2500261C5A /* UICollectionView+Extensions.swift */ = {isa = PBXFileReference; lastKnownFileType = sourcecode.swift; path = "UICollectionView+Extensions.swift"; sourceTree = "<group>"; };
		B40542AF2C51DFB800261C5A /* ImageURLGenerator.swift */ = {isa = PBXFileReference; lastKnownFileType = sourcecode.swift; path = ImageURLGenerator.swift; sourceTree = "<group>"; };
		B40542B52C51E5CF00261C5A /* MovieDetailModule.swift */ = {isa = PBXFileReference; lastKnownFileType = sourcecode.swift; path = MovieDetailModule.swift; sourceTree = "<group>"; };
		B40542B72C51E60200261C5A /* MovieDetailRouter.swift */ = {isa = PBXFileReference; lastKnownFileType = sourcecode.swift; path = MovieDetailRouter.swift; sourceTree = "<group>"; };
		B40542B92C51E60B00261C5A /* MovieDetailRouterProtocol.swift */ = {isa = PBXFileReference; lastKnownFileType = sourcecode.swift; path = MovieDetailRouterProtocol.swift; sourceTree = "<group>"; };
		B40542BB2C51E61200261C5A /* MovieDetailViewModel.swift */ = {isa = PBXFileReference; lastKnownFileType = sourcecode.swift; path = MovieDetailViewModel.swift; sourceTree = "<group>"; };
		B40542BD2C51E61B00261C5A /* MovieDetailViewModelProtocol.swift */ = {isa = PBXFileReference; lastKnownFileType = sourcecode.swift; path = MovieDetailViewModelProtocol.swift; sourceTree = "<group>"; };
		B40542BF2C51E62400261C5A /* MovieDetailView.swift */ = {isa = PBXFileReference; lastKnownFileType = sourcecode.swift; path = MovieDetailView.swift; sourceTree = "<group>"; };
		B40542C12C51E62C00261C5A /* MovieDetailView.storyboard */ = {isa = PBXFileReference; lastKnownFileType = file.storyboard; path = MovieDetailView.storyboard; sourceTree = "<group>"; };
		B40542C72C51F6C900261C5A /* Movie AppTests.xctest */ = {isa = PBXFileReference; explicitFileType = wrapper.cfbundle; includeInIndex = 0; path = "Movie AppTests.xctest"; sourceTree = BUILT_PRODUCTS_DIR; };
		B40542D02C51F6E700261C5A /* MovieDetailViewModelTests.swift */ = {isa = PBXFileReference; lastKnownFileType = sourcecode.swift; path = MovieDetailViewModelTests.swift; sourceTree = "<group>"; };
		B40542D32C51F73A00261C5A /* TestContext.swift */ = {isa = PBXFileReference; lastKnownFileType = sourcecode.swift; path = TestContext.swift; sourceTree = "<group>"; };
		B40542D52C51F78300261C5A /* MockMovieRepository.swift */ = {isa = PBXFileReference; lastKnownFileType = sourcecode.swift; path = MockMovieRepository.swift; sourceTree = "<group>"; };
		B40542D72C51F78B00261C5A /* TestError.swift */ = {isa = PBXFileReference; lastKnownFileType = sourcecode.swift; path = TestError.swift; sourceTree = "<group>"; };
		B40542DA2C51FFD300261C5A /* Movie+Stub.swift */ = {isa = PBXFileReference; lastKnownFileType = sourcecode.swift; path = "Movie+Stub.swift"; sourceTree = "<group>"; };
		B40542DC2C51FFF200261C5A /* String+Random.swift */ = {isa = PBXFileReference; lastKnownFileType = sourcecode.swift; path = "String+Random.swift"; sourceTree = "<group>"; };
		B40542DE2C52023E00261C5A /* MovieSearchViewModelTests.swift */ = {isa = PBXFileReference; lastKnownFileType = sourcecode.swift; path = MovieSearchViewModelTests.swift; sourceTree = "<group>"; };
/* End PBXFileReference section */

/* Begin PBXFrameworksBuildPhase section */
		B40542202C51B05300261C5A /* Frameworks */ = {
			isa = PBXFrameworksBuildPhase;
			buildActionMask = 2147483647;
			files = (
				B40542AE2C51DD7000261C5A /* Kingfisher in Frameworks */,
			);
			runOnlyForDeploymentPostprocessing = 0;
		};
		B40542C42C51F6C900261C5A /* Frameworks */ = {
			isa = PBXFrameworksBuildPhase;
			buildActionMask = 2147483647;
			files = (
			);
			runOnlyForDeploymentPostprocessing = 0;
		};
/* End PBXFrameworksBuildPhase section */

/* Begin PBXGroup section */
		B405421A2C51B05300261C5A = {
			isa = PBXGroup;
			children = (
				B40542252C51B05300261C5A /* Movie App */,
				B40542C82C51F6C900261C5A /* Movie AppTests */,
				B40542242C51B05300261C5A /* Products */,
			);
			sourceTree = "<group>";
		};
		B40542242C51B05300261C5A /* Products */ = {
			isa = PBXGroup;
			children = (
				B40542232C51B05300261C5A /* Movie App.app */,
				B40542C72C51F6C900261C5A /* Movie AppTests.xctest */,
			);
			name = Products;
			sourceTree = "<group>";
		};
		B40542252C51B05300261C5A /* Movie App */ = {
			isa = PBXGroup;
			children = (
				B40542642C51BF1500261C5A /* Data */,
				B405423B2C51B5C900261C5A /* Scene */,
				B405425B2C51B8E000261C5A /* Utils */,
				B40542852C51C65B00261C5A /* Components */,
				B405423A2C51B4EF00261C5A /* SupportingFiles */,
			);
			path = "Movie App";
			sourceTree = "<group>";
		};
		B405423A2C51B4EF00261C5A /* SupportingFiles */ = {
			isa = PBXGroup;
			children = (
				B40542262C51B05300261C5A /* AppDelegate.swift */,
				B405428C2C51C81400261C5A /* Localizable.strings */,
				B40542282C51B05300261C5A /* SceneDelegate.swift */,
				B405422F2C51B05400261C5A /* Assets.xcassets */,
				B40542312C51B05400261C5A /* LaunchScreen.storyboard */,
				B40542342C51B05400261C5A /* Info.plist */,
				B40542962C51CAEB00261C5A /* config.debug.xcconfig */,
				B40542972C51CAF700261C5A /* config.release.xcconfig */,
			);
			path = SupportingFiles;
			sourceTree = "<group>";
		};
		B405423B2C51B5C900261C5A /* Scene */ = {
			isa = PBXGroup;
			children = (
				B40542B12C51E5A400261C5A /* MovieDetail */,
				B40542492C51B67E00261C5A /* MovieSearch */,
				B405423C2C51B5D000261C5A /* Base */,
			);
			path = Scene;
			sourceTree = "<group>";
		};
		B405423C2C51B5D000261C5A /* Base */ = {
			isa = PBXGroup;
			children = (
				B405423F2C51B5E700261C5A /* BaseModule.swift */,
				B405423E2C51B5E700261C5A /* BaseRouter.swift */,
				B40542412C51B5E700261C5A /* BaseView.swift */,
				B40542402C51B5E700261C5A /* BaseViewModel.swift */,
				B405423D2C51B5E700261C5A /* StoryboardedView.swift */,
				B40542422C51B5E700261C5A /* StoryboardedViewController.swift */,
			);
			path = Base;
			sourceTree = "<group>";
		};
		B40542492C51B67E00261C5A /* MovieSearch */ = {
			isa = PBXGroup;
			children = (
				B405424D2C51B6AD00261C5A /* MovieSearchModule.swift */,
				B405424C2C51B69500261C5A /* Router */,
				B405424B2C51B69000261C5A /* ViewModel */,
				B405424A2C51B68C00261C5A /* View */,
			);
			path = MovieSearch;
			sourceTree = "<group>";
		};
		B405424A2C51B68C00261C5A /* View */ = {
			isa = PBXGroup;
			children = (
				B40542A32C51D2D300261C5A /* Cell */,
				B40542572C51B70900261C5A /* MovieSearchView.swift */,
				B40542592C51B71300261C5A /* MovieSearchView.storyboard */,
			);
			path = View;
			sourceTree = "<group>";
		};
		B405424B2C51B69000261C5A /* ViewModel */ = {
			isa = PBXGroup;
			children = (
				B40542532C51B6D800261C5A /* MovieSearchViewModel.swift */,
				B40542552C51B6E300261C5A /* MovieSearchViewModelProtocol.swift */,
			);
			path = ViewModel;
			sourceTree = "<group>";
		};
		B405424C2C51B69500261C5A /* Router */ = {
			isa = PBXGroup;
			children = (
				B405424F2C51B6B900261C5A /* MovieSearchRouter.swift */,
				B40542512C51B6CA00261C5A /* MovieSearchRouterProtocol.swift */,
			);
			path = Router;
			sourceTree = "<group>";
		};
		B405425B2C51B8E000261C5A /* Utils */ = {
			isa = PBXGroup;
			children = (
				B40542612C51BC4A00261C5A /* Extensions */,
				B405425C2C51B8F600261C5A /* Context */,
				B40542882C51C73700261C5A /* Fonts.swift */,
				B40542912C51C88100261C5A /* Localized.swift */,
				B40542982C51CD3E00261C5A /* BuildConfig.swift */,
				B40542A12C51D21900261C5A /* LoadingState.swift */,
				B40542AF2C51DFB800261C5A /* ImageURLGenerator.swift */,
			);
			path = Utils;
			sourceTree = "<group>";
		};
		B405425C2C51B8F600261C5A /* Context */ = {
			isa = PBXGroup;
			children = (
				B405425D2C51B90800261C5A /* ContextProtocol.swift */,
				B405425F2C51B91000261C5A /* MainContext.swift */,
			);
			path = Context;
			sourceTree = "<group>";
		};
		B40542612C51BC4A00261C5A /* Extensions */ = {
			isa = PBXGroup;
			children = (
				B40542622C51BC5800261C5A /* UIViewController+Extensions.swift */,
				B40542932C51C91E00261C5A /* UIView+Extensions.swift */,
				B40542AA2C51DA2500261C5A /* UICollectionView+Extensions.swift */,
				B405429A2C51CD8C00261C5A /* Bundle+Extensions.swift */,
			);
			path = Extensions;
			sourceTree = "<group>";
		};
		B40542642C51BF1500261C5A /* Data */ = {
			isa = PBXGroup;
			children = (
				B405429C2C51CF1B00261C5A /* Repository */,
				B405427A2C51C1AE00261C5A /* Model */,
				B40542782C51C17400261C5A /* Datastore */,
				B40542652C51BF1B00261C5A /* Network */,
			);
			path = Data;
			sourceTree = "<group>";
		};
		B40542652C51BF1B00261C5A /* Network */ = {
			isa = PBXGroup;
			children = (
				B405426F2C51C04C00261C5A /* JSONDecoder+Default.swift */,
				B40542712C51C07800261C5A /* APIRequest */,
				B40542662C51BF2200261C5A /* Base */,
			);
			path = Network;
			sourceTree = "<group>";
		};
		B40542662C51BF2200261C5A /* Base */ = {
			isa = PBXGroup;
			children = (
				B40542672C51BF4200261C5A /* RequestProtocol.swift */,
				B40542692C51BF5C00261C5A /* RequestMethod.swift */,
				B405426B2C51BF7300261C5A /* ResponseType.swift */,
				B405426D2C51BF8500261C5A /* RequestType.swift */,
			);
			path = Base;
			sourceTree = "<group>";
		};
		B40542712C51C07800261C5A /* APIRequest */ = {
			isa = PBXGroup;
			children = (
				B40542722C51C09200261C5A /* APIRequestProtocol.swift */,
				B40542742C51C0B200261C5A /* APIRequest.swift */,
				B40542762C51C0D700261C5A /* APIError.swift */,
			);
			path = APIRequest;
			sourceTree = "<group>";
		};
		B40542782C51C17400261C5A /* Datastore */ = {
			isa = PBXGroup;
			children = (
				B40542792C51C17D00261C5A /* RemoteDataStore */,
			);
			path = Datastore;
			sourceTree = "<group>";
		};
		B40542792C51C17D00261C5A /* RemoteDataStore */ = {
			isa = PBXGroup;
			children = (
				B405427B2C51C1D700261C5A /* MovieRemoteDataStoreProtocol.swift */,
				B405427D2C51C1DF00261C5A /* MovieRemoteDataStore.swift */,
				B40542812C51C41200261C5A /* MovieRequest.swift */,
			);
			path = RemoteDataStore;
			sourceTree = "<group>";
		};
		B405427A2C51C1AE00261C5A /* Model */ = {
			isa = PBXGroup;
			children = (
				B405427F2C51C1FD00261C5A /* Movie.swift */,
				B40542832C51C5A300261C5A /* MovieSearch.swift */,
			);
			path = Model;
			sourceTree = "<group>";
		};
		B40542852C51C65B00261C5A /* Components */ = {
			isa = PBXGroup;
			children = (
				B40542862C51C67600261C5A /* SearchView.swift */,
			);
			path = Components;
			sourceTree = "<group>";
		};
		B405429C2C51CF1B00261C5A /* Repository */ = {
			isa = PBXGroup;
			children = (
				B405429D2C51CF5500261C5A /* MovieRepository.swift */,
				B405429F2C51CF6400261C5A /* MovieRepositoryProtocol.swift */,
			);
			path = Repository;
			sourceTree = "<group>";
		};
		B40542A32C51D2D300261C5A /* Cell */ = {
			isa = PBXGroup;
			children = (
				B40542A42C51D2E800261C5A /* MovieSearchCellViewModel.swift */,
				B40542A62C51D76B00261C5A /* MovieSearchCell.swift */,
				B40542A82C51D77500261C5A /* MovieSearchCell.xib */,
			);
			path = Cell;
			sourceTree = "<group>";
		};
		B40542B12C51E5A400261C5A /* MovieDetail */ = {
			isa = PBXGroup;
			children = (
				B40542B52C51E5CF00261C5A /* MovieDetailModule.swift */,
				B40542B42C51E5BF00261C5A /* Router */,
				B40542B32C51E5BA00261C5A /* ViewModel */,
				B40542B22C51E5B400261C5A /* View */,
			);
			path = MovieDetail;
			sourceTree = "<group>";
		};
		B40542B22C51E5B400261C5A /* View */ = {
			isa = PBXGroup;
			children = (
				B40542BF2C51E62400261C5A /* MovieDetailView.swift */,
				B40542C12C51E62C00261C5A /* MovieDetailView.storyboard */,
			);
			path = View;
			sourceTree = "<group>";
		};
		B40542B32C51E5BA00261C5A /* ViewModel */ = {
			isa = PBXGroup;
			children = (
				B40542BB2C51E61200261C5A /* MovieDetailViewModel.swift */,
				B40542BD2C51E61B00261C5A /* MovieDetailViewModelProtocol.swift */,
			);
			path = ViewModel;
			sourceTree = "<group>";
		};
		B40542B42C51E5BF00261C5A /* Router */ = {
			isa = PBXGroup;
			children = (
				B40542B72C51E60200261C5A /* MovieDetailRouter.swift */,
				B40542B92C51E60B00261C5A /* MovieDetailRouterProtocol.swift */,
			);
			path = Router;
			sourceTree = "<group>";
		};
		B40542C82C51F6C900261C5A /* Movie AppTests */ = {
			isa = PBXGroup;
			children = (
				B40542D22C51F72F00261C5A /* Utils */,
				B40542D02C51F6E700261C5A /* MovieDetailViewModelTests.swift */,
				B40542DE2C52023E00261C5A /* MovieSearchViewModelTests.swift */,
			);
			path = "Movie AppTests";
			sourceTree = "<group>";
		};
		B40542D22C51F72F00261C5A /* Utils */ = {
			isa = PBXGroup;
			children = (
				B40542D92C51FFB700261C5A /* Stub */,
				B40542D32C51F73A00261C5A /* TestContext.swift */,
				B40542D52C51F78300261C5A /* MockMovieRepository.swift */,
				B40542D72C51F78B00261C5A /* TestError.swift */,
				B40542DC2C51FFF200261C5A /* String+Random.swift */,
			);
			path = Utils;
			sourceTree = "<group>";
		};
		B40542D92C51FFB700261C5A /* Stub */ = {
			isa = PBXGroup;
			children = (
				B40542DA2C51FFD300261C5A /* Movie+Stub.swift */,
			);
			path = Stub;
			sourceTree = "<group>";
		};
/* End PBXGroup section */

/* Begin PBXNativeTarget section */
		B40542222C51B05300261C5A /* Movie App */ = {
			isa = PBXNativeTarget;
			buildConfigurationList = B40542372C51B05400261C5A /* Build configuration list for PBXNativeTarget "Movie App" */;
			buildPhases = (
				B405421F2C51B05300261C5A /* Sources */,
				B40542202C51B05300261C5A /* Frameworks */,
				B40542212C51B05300261C5A /* Resources */,
			);
			buildRules = (
			);
			dependencies = (
			);
			name = "Movie App";
			packageProductDependencies = (
				B40542AD2C51DD7000261C5A /* Kingfisher */,
			);
			productName = "Movie App";
			productReference = B40542232C51B05300261C5A /* Movie App.app */;
			productType = "com.apple.product-type.application";
		};
		B40542C62C51F6C900261C5A /* Movie AppTests */ = {
			isa = PBXNativeTarget;
			buildConfigurationList = B40542CD2C51F6C900261C5A /* Build configuration list for PBXNativeTarget "Movie AppTests" */;
			buildPhases = (
				B40542C32C51F6C900261C5A /* Sources */,
				B40542C42C51F6C900261C5A /* Frameworks */,
				B40542C52C51F6C900261C5A /* Resources */,
			);
			buildRules = (
			);
			dependencies = (
				B40542CC2C51F6C900261C5A /* PBXTargetDependency */,
			);
			name = "Movie AppTests";
			productName = "Movie AppTests";
			productReference = B40542C72C51F6C900261C5A /* Movie AppTests.xctest */;
			productType = "com.apple.product-type.bundle.unit-test";
		};
/* End PBXNativeTarget section */

/* Begin PBXProject section */
		B405421B2C51B05300261C5A /* Project object */ = {
			isa = PBXProject;
			attributes = {
				BuildIndependentTargetsInParallel = 1;
				LastSwiftUpdateCheck = 1540;
				LastUpgradeCheck = 1540;
				TargetAttributes = {
					B40542222C51B05300261C5A = {
						CreatedOnToolsVersion = 15.4;
					};
					B40542C62C51F6C900261C5A = {
						CreatedOnToolsVersion = 15.4;
						TestTargetID = B40542222C51B05300261C5A;
					};
				};
			};
			buildConfigurationList = B405421E2C51B05300261C5A /* Build configuration list for PBXProject "Movie App" */;
			compatibilityVersion = "Xcode 14.0";
			developmentRegion = fa;
			hasScannedForEncodings = 0;
			knownRegions = (
				Base,
				fa,
				"en-US",
			);
			mainGroup = B405421A2C51B05300261C5A;
			packageReferences = (
				B40542AC2C51DD7000261C5A /* XCRemoteSwiftPackageReference "Kingfisher" */,
			);
			productRefGroup = B40542242C51B05300261C5A /* Products */;
			projectDirPath = "";
			projectRoot = "";
			targets = (
				B40542222C51B05300261C5A /* Movie App */,
				B40542C62C51F6C900261C5A /* Movie AppTests */,
			);
		};
/* End PBXProject section */

/* Begin PBXResourcesBuildPhase section */
		B40542212C51B05300261C5A /* Resources */ = {
			isa = PBXResourcesBuildPhase;
			buildActionMask = 2147483647;
			files = (
				B405425A2C51B71300261C5A /* MovieSearchView.storyboard in Resources */,
				B40542C22C51E62C00261C5A /* MovieDetailView.storyboard in Resources */,
				B40542A92C51D77500261C5A /* MovieSearchCell.xib in Resources */,
				B405428E2C51C81400261C5A /* Localizable.strings in Resources */,
				B40542302C51B05400261C5A /* Assets.xcassets in Resources */,
				B40542332C51B05400261C5A /* Base in Resources */,
			);
			runOnlyForDeploymentPostprocessing = 0;
		};
		B40542C52C51F6C900261C5A /* Resources */ = {
			isa = PBXResourcesBuildPhase;
			buildActionMask = 2147483647;
			files = (
			);
			runOnlyForDeploymentPostprocessing = 0;
		};
/* End PBXResourcesBuildPhase section */

/* Begin PBXSourcesBuildPhase section */
		B405421F2C51B05300261C5A /* Sources */ = {
			isa = PBXSourcesBuildPhase;
			buildActionMask = 2147483647;
			files = (
				B40542482C51B5E700261C5A /* StoryboardedViewController.swift in Sources */,
				B40542452C51B5E700261C5A /* BaseModule.swift in Sources */,
				B40542732C51C09200261C5A /* APIRequestProtocol.swift in Sources */,
				B405429B2C51CD8C00261C5A /* Bundle+Extensions.swift in Sources */,
				B40542A72C51D76B00261C5A /* MovieSearchCell.swift in Sources */,
				B405426E2C51BF8500261C5A /* RequestType.swift in Sources */,
				B40542BC2C51E61200261C5A /* MovieDetailViewModel.swift in Sources */,
				B40542922C51C88100261C5A /* Localized.swift in Sources */,
				B405424E2C51B6AD00261C5A /* MovieSearchModule.swift in Sources */,
				B40542942C51C91E00261C5A /* UIView+Extensions.swift in Sources */,
				B40542992C51CD3E00261C5A /* BuildConfig.swift in Sources */,
				B40542582C51B70900261C5A /* MovieSearchView.swift in Sources */,
				B40542802C51C1FD00261C5A /* Movie.swift in Sources */,
				B40542B02C51DFB800261C5A /* ImageURLGenerator.swift in Sources */,
				B40542562C51B6E300261C5A /* MovieSearchViewModelProtocol.swift in Sources */,
				B40542632C51BC5800261C5A /* UIViewController+Extensions.swift in Sources */,
				B40542AB2C51DA2500261C5A /* UICollectionView+Extensions.swift in Sources */,
				B40542BA2C51E60B00261C5A /* MovieDetailRouterProtocol.swift in Sources */,
				B40542272C51B05300261C5A /* AppDelegate.swift in Sources */,
				B40542702C51C04C00261C5A /* JSONDecoder+Default.swift in Sources */,
				B40542602C51B91000261C5A /* MainContext.swift in Sources */,
				B405427E2C51C1DF00261C5A /* MovieRemoteDataStore.swift in Sources */,
				B40542BE2C51E61B00261C5A /* MovieDetailViewModelProtocol.swift in Sources */,
				B40542432C51B5E700261C5A /* StoryboardedView.swift in Sources */,
				B40542A22C51D21900261C5A /* LoadingState.swift in Sources */,
				B40542A52C51D2E800261C5A /* MovieSearchCellViewModel.swift in Sources */,
				B40542682C51BF4200261C5A /* RequestProtocol.swift in Sources */,
				B40542C02C51E62400261C5A /* MovieDetailView.swift in Sources */,
				B40542872C51C67600261C5A /* SearchView.swift in Sources */,
				B40542892C51C73700261C5A /* Fonts.swift in Sources */,
				B40542292C51B05300261C5A /* SceneDelegate.swift in Sources */,
				B40542842C51C5A300261C5A /* MovieSearch.swift in Sources */,
				B405427C2C51C1D700261C5A /* MovieRemoteDataStoreProtocol.swift in Sources */,
				B40542472C51B5E700261C5A /* BaseView.swift in Sources */,
				B40542522C51B6CA00261C5A /* MovieSearchRouterProtocol.swift in Sources */,
				B40542442C51B5E700261C5A /* BaseRouter.swift in Sources */,
				B405429E2C51CF5500261C5A /* MovieRepository.swift in Sources */,
				B40542822C51C41200261C5A /* MovieRequest.swift in Sources */,
				B405426C2C51BF7300261C5A /* ResponseType.swift in Sources */,
				B40542B62C51E5CF00261C5A /* MovieDetailModule.swift in Sources */,
				B40542B82C51E60200261C5A /* MovieDetailRouter.swift in Sources */,
				B405426A2C51BF5C00261C5A /* RequestMethod.swift in Sources */,
				B40542462C51B5E700261C5A /* BaseViewModel.swift in Sources */,
				B40542A02C51CF6400261C5A /* MovieRepositoryProtocol.swift in Sources */,
				B405425E2C51B90800261C5A /* ContextProtocol.swift in Sources */,
				B40542502C51B6B900261C5A /* MovieSearchRouter.swift in Sources */,
				B40542752C51C0B200261C5A /* APIRequest.swift in Sources */,
				B40542772C51C0D700261C5A /* APIError.swift in Sources */,
				B40542542C51B6D800261C5A /* MovieSearchViewModel.swift in Sources */,
			);
			runOnlyForDeploymentPostprocessing = 0;
		};
		B40542C32C51F6C900261C5A /* Sources */ = {
			isa = PBXSourcesBuildPhase;
			buildActionMask = 2147483647;
			files = (
				B40542D82C51F78B00261C5A /* TestError.swift in Sources */,
				B40542D62C51F78300261C5A /* MockMovieRepository.swift in Sources */,
				B40542DF2C52023E00261C5A /* MovieSearchViewModelTests.swift in Sources */,
				B40542D12C51F6E700261C5A /* MovieDetailViewModelTests.swift in Sources */,
				B40542DD2C51FFF200261C5A /* String+Random.swift in Sources */,
				B40542DB2C51FFD300261C5A /* Movie+Stub.swift in Sources */,
				B40542D42C51F73A00261C5A /* TestContext.swift in Sources */,
			);
			runOnlyForDeploymentPostprocessing = 0;
		};
/* End PBXSourcesBuildPhase section */

/* Begin PBXTargetDependency section */
		B40542CC2C51F6C900261C5A /* PBXTargetDependency */ = {
			isa = PBXTargetDependency;
			target = B40542222C51B05300261C5A /* Movie App */;
			targetProxy = B40542CB2C51F6C900261C5A /* PBXContainerItemProxy */;
		};
/* End PBXTargetDependency section */

/* Begin PBXVariantGroup section */
		B40542312C51B05400261C5A /* LaunchScreen.storyboard */ = {
			isa = PBXVariantGroup;
			children = (
				B40542322C51B05400261C5A /* Base */,
				B405428A2C51C7C600261C5A /* fa */,
				B405428B2C51C7FB00261C5A /* en-US */,
			);
			name = LaunchScreen.storyboard;
			sourceTree = "<group>";
		};
		B405428C2C51C81400261C5A /* Localizable.strings */ = {
			isa = PBXVariantGroup;
			children = (
				B405428D2C51C81400261C5A /* fa */,
				B405428F2C51C81700261C5A /* en-US */,
			);
			name = Localizable.strings;
			sourceTree = "<group>";
		};
/* End PBXVariantGroup section */

/* Begin XCBuildConfiguration section */
		B40542352C51B05400261C5A /* Debug */ = {
			isa = XCBuildConfiguration;
			buildSettings = {
				ALWAYS_SEARCH_USER_PATHS = NO;
				ASSETCATALOG_COMPILER_GENERATE_SWIFT_ASSET_SYMBOL_EXTENSIONS = YES;
				CLANG_ANALYZER_LOCALIZABILITY_NONLOCALIZED = YES;
				CLANG_ANALYZER_NONNULL = YES;
				CLANG_ANALYZER_NUMBER_OBJECT_CONVERSION = YES_AGGRESSIVE;
				CLANG_CXX_LANGUAGE_STANDARD = "gnu++20";
				CLANG_ENABLE_MODULES = YES;
				CLANG_ENABLE_OBJC_ARC = YES;
				CLANG_ENABLE_OBJC_WEAK = YES;
				CLANG_WARN_BLOCK_CAPTURE_AUTORELEASING = YES;
				CLANG_WARN_BOOL_CONVERSION = YES;
				CLANG_WARN_COMMA = YES;
				CLANG_WARN_CONSTANT_CONVERSION = YES;
				CLANG_WARN_DEPRECATED_OBJC_IMPLEMENTATIONS = YES;
				CLANG_WARN_DIRECT_OBJC_ISA_USAGE = YES_ERROR;
				CLANG_WARN_DOCUMENTATION_COMMENTS = YES;
				CLANG_WARN_EMPTY_BODY = YES;
				CLANG_WARN_ENUM_CONVERSION = YES;
				CLANG_WARN_INFINITE_RECURSION = YES;
				CLANG_WARN_INT_CONVERSION = YES;
				CLANG_WARN_NON_LITERAL_NULL_CONVERSION = YES;
				CLANG_WARN_OBJC_IMPLICIT_RETAIN_SELF = YES;
				CLANG_WARN_OBJC_LITERAL_CONVERSION = YES;
				CLANG_WARN_OBJC_ROOT_CLASS = YES_ERROR;
				CLANG_WARN_QUOTED_INCLUDE_IN_FRAMEWORK_HEADER = YES;
				CLANG_WARN_RANGE_LOOP_ANALYSIS = YES;
				CLANG_WARN_STRICT_PROTOTYPES = YES;
				CLANG_WARN_SUSPICIOUS_MOVE = YES;
				CLANG_WARN_UNGUARDED_AVAILABILITY = YES_AGGRESSIVE;
				CLANG_WARN_UNREACHABLE_CODE = YES;
				CLANG_WARN__DUPLICATE_METHOD_MATCH = YES;
				COPY_PHASE_STRIP = NO;
				DEBUG_INFORMATION_FORMAT = dwarf;
				ENABLE_STRICT_OBJC_MSGSEND = YES;
				ENABLE_TESTABILITY = YES;
				ENABLE_USER_SCRIPT_SANDBOXING = YES;
				GCC_C_LANGUAGE_STANDARD = gnu17;
				GCC_DYNAMIC_NO_PIC = NO;
				GCC_NO_COMMON_BLOCKS = YES;
				GCC_OPTIMIZATION_LEVEL = 0;
				GCC_PREPROCESSOR_DEFINITIONS = (
					"DEBUG=1",
					"$(inherited)",
				);
				GCC_WARN_64_TO_32_BIT_CONVERSION = YES;
				GCC_WARN_ABOUT_RETURN_TYPE = YES_ERROR;
				GCC_WARN_UNDECLARED_SELECTOR = YES;
				GCC_WARN_UNINITIALIZED_AUTOS = YES_AGGRESSIVE;
				GCC_WARN_UNUSED_FUNCTION = YES;
				GCC_WARN_UNUSED_VARIABLE = YES;
				IPHONEOS_DEPLOYMENT_TARGET = 17.5;
				LOCALIZATION_PREFERS_STRING_CATALOGS = YES;
				MTL_ENABLE_DEBUG_INFO = INCLUDE_SOURCE;
				MTL_FAST_MATH = YES;
				ONLY_ACTIVE_ARCH = YES;
				SDKROOT = iphoneos;
				SWIFT_ACTIVE_COMPILATION_CONDITIONS = "DEBUG $(inherited)";
				SWIFT_OPTIMIZATION_LEVEL = "-Onone";
			};
			name = Debug;
		};
		B40542362C51B05400261C5A /* Release */ = {
			isa = XCBuildConfiguration;
			buildSettings = {
				ALWAYS_SEARCH_USER_PATHS = NO;
				ASSETCATALOG_COMPILER_GENERATE_SWIFT_ASSET_SYMBOL_EXTENSIONS = YES;
				CLANG_ANALYZER_LOCALIZABILITY_NONLOCALIZED = YES;
				CLANG_ANALYZER_NONNULL = YES;
				CLANG_ANALYZER_NUMBER_OBJECT_CONVERSION = YES_AGGRESSIVE;
				CLANG_CXX_LANGUAGE_STANDARD = "gnu++20";
				CLANG_ENABLE_MODULES = YES;
				CLANG_ENABLE_OBJC_ARC = YES;
				CLANG_ENABLE_OBJC_WEAK = YES;
				CLANG_WARN_BLOCK_CAPTURE_AUTORELEASING = YES;
				CLANG_WARN_BOOL_CONVERSION = YES;
				CLANG_WARN_COMMA = YES;
				CLANG_WARN_CONSTANT_CONVERSION = YES;
				CLANG_WARN_DEPRECATED_OBJC_IMPLEMENTATIONS = YES;
				CLANG_WARN_DIRECT_OBJC_ISA_USAGE = YES_ERROR;
				CLANG_WARN_DOCUMENTATION_COMMENTS = YES;
				CLANG_WARN_EMPTY_BODY = YES;
				CLANG_WARN_ENUM_CONVERSION = YES;
				CLANG_WARN_INFINITE_RECURSION = YES;
				CLANG_WARN_INT_CONVERSION = YES;
				CLANG_WARN_NON_LITERAL_NULL_CONVERSION = YES;
				CLANG_WARN_OBJC_IMPLICIT_RETAIN_SELF = YES;
				CLANG_WARN_OBJC_LITERAL_CONVERSION = YES;
				CLANG_WARN_OBJC_ROOT_CLASS = YES_ERROR;
				CLANG_WARN_QUOTED_INCLUDE_IN_FRAMEWORK_HEADER = YES;
				CLANG_WARN_RANGE_LOOP_ANALYSIS = YES;
				CLANG_WARN_STRICT_PROTOTYPES = YES;
				CLANG_WARN_SUSPICIOUS_MOVE = YES;
				CLANG_WARN_UNGUARDED_AVAILABILITY = YES_AGGRESSIVE;
				CLANG_WARN_UNREACHABLE_CODE = YES;
				CLANG_WARN__DUPLICATE_METHOD_MATCH = YES;
				COPY_PHASE_STRIP = NO;
				DEBUG_INFORMATION_FORMAT = "dwarf-with-dsym";
				ENABLE_NS_ASSERTIONS = NO;
				ENABLE_STRICT_OBJC_MSGSEND = YES;
				ENABLE_USER_SCRIPT_SANDBOXING = YES;
				GCC_C_LANGUAGE_STANDARD = gnu17;
				GCC_NO_COMMON_BLOCKS = YES;
				GCC_WARN_64_TO_32_BIT_CONVERSION = YES;
				GCC_WARN_ABOUT_RETURN_TYPE = YES_ERROR;
				GCC_WARN_UNDECLARED_SELECTOR = YES;
				GCC_WARN_UNINITIALIZED_AUTOS = YES_AGGRESSIVE;
				GCC_WARN_UNUSED_FUNCTION = YES;
				GCC_WARN_UNUSED_VARIABLE = YES;
				IPHONEOS_DEPLOYMENT_TARGET = 17.5;
				LOCALIZATION_PREFERS_STRING_CATALOGS = YES;
				MTL_ENABLE_DEBUG_INFO = NO;
				MTL_FAST_MATH = YES;
				SDKROOT = iphoneos;
				SWIFT_COMPILATION_MODE = wholemodule;
				VALIDATE_PRODUCT = YES;
			};
			name = Release;
		};
		B40542382C51B05400261C5A /* Debug */ = {
			isa = XCBuildConfiguration;
			baseConfigurationReference = B40542962C51CAEB00261C5A /* config.debug.xcconfig */;
			buildSettings = {
				ASSETCATALOG_COMPILER_APPICON_NAME = AppIcon;
				ASSETCATALOG_COMPILER_GLOBAL_ACCENT_COLOR_NAME = AccentColor;
				CODE_SIGN_STYLE = Automatic;
				CURRENT_PROJECT_VERSION = 1;
				DEVELOPMENT_TEAM = 37PRXS9M74;
				GENERATE_INFOPLIST_FILE = YES;
				INFOPLIST_FILE = "Movie App/SupportingFiles/Info.plist";
				INFOPLIST_KEY_UIApplicationSupportsIndirectInputEvents = YES;
				INFOPLIST_KEY_UILaunchStoryboardName = LaunchScreen;
				INFOPLIST_KEY_UISupportedInterfaceOrientations = UIInterfaceOrientationPortrait;
				INFOPLIST_KEY_UISupportedInterfaceOrientations_iPad = "UIInterfaceOrientationLandscapeLeft UIInterfaceOrientationLandscapeRight UIInterfaceOrientationPortrait UIInterfaceOrientationPortraitUpsideDown";
				IPHONEOS_DEPLOYMENT_TARGET = 16.0;
				LD_RUNPATH_SEARCH_PATHS = (
					"$(inherited)",
					"@executable_path/Frameworks",
				);
				MARKETING_VERSION = 1.0;
				PRODUCT_BUNDLE_IDENTIFIER = "com.sajjad.Movie-App";
				PRODUCT_NAME = "$(TARGET_NAME)";
				SUPPORTED_PLATFORMS = "iphoneos iphonesimulator";
				SUPPORTS_MACCATALYST = NO;
				SUPPORTS_MAC_DESIGNED_FOR_IPHONE_IPAD = NO;
				SUPPORTS_XR_DESIGNED_FOR_IPHONE_IPAD = NO;
				SWIFT_EMIT_LOC_STRINGS = YES;
				SWIFT_VERSION = 5.0;
				TARGETED_DEVICE_FAMILY = 1;
			};
			name = Debug;
		};
		B40542392C51B05400261C5A /* Release */ = {
			isa = XCBuildConfiguration;
			baseConfigurationReference = B40542972C51CAF700261C5A /* config.release.xcconfig */;
			buildSettings = {
				ASSETCATALOG_COMPILER_APPICON_NAME = AppIcon;
				ASSETCATALOG_COMPILER_GLOBAL_ACCENT_COLOR_NAME = AccentColor;
				CODE_SIGN_STYLE = Automatic;
				CURRENT_PROJECT_VERSION = 1;
				DEVELOPMENT_TEAM = 37PRXS9M74;
				GENERATE_INFOPLIST_FILE = YES;
				INFOPLIST_FILE = "Movie App/SupportingFiles/Info.plist";
				INFOPLIST_KEY_UIApplicationSupportsIndirectInputEvents = YES;
				INFOPLIST_KEY_UILaunchStoryboardName = LaunchScreen;
				INFOPLIST_KEY_UISupportedInterfaceOrientations = UIInterfaceOrientationPortrait;
				INFOPLIST_KEY_UISupportedInterfaceOrientations_iPad = "UIInterfaceOrientationLandscapeLeft UIInterfaceOrientationLandscapeRight UIInterfaceOrientationPortrait UIInterfaceOrientationPortraitUpsideDown";
				IPHONEOS_DEPLOYMENT_TARGET = 16.0;
				LD_RUNPATH_SEARCH_PATHS = (
					"$(inherited)",
					"@executable_path/Frameworks",
				);
				MARKETING_VERSION = 1.0;
				PRODUCT_BUNDLE_IDENTIFIER = "com.sajjad.Movie-App";
				PRODUCT_NAME = "$(TARGET_NAME)";
				SUPPORTED_PLATFORMS = "iphoneos iphonesimulator";
				SUPPORTS_MACCATALYST = NO;
				SUPPORTS_MAC_DESIGNED_FOR_IPHONE_IPAD = NO;
				SUPPORTS_XR_DESIGNED_FOR_IPHONE_IPAD = NO;
				SWIFT_EMIT_LOC_STRINGS = YES;
				SWIFT_VERSION = 5.0;
				TARGETED_DEVICE_FAMILY = 1;
			};
			name = Release;
		};
		B40542CE2C51F6C900261C5A /* Debug */ = {
			isa = XCBuildConfiguration;
			buildSettings = {
				BUNDLE_LOADER = "$(TEST_HOST)";
				CODE_SIGN_STYLE = Automatic;
				CURRENT_PROJECT_VERSION = 1;
				DEVELOPMENT_TEAM = 37PRXS9M74;
				GENERATE_INFOPLIST_FILE = YES;
				MARKETING_VERSION = 1.0;
				PRODUCT_BUNDLE_IDENTIFIER = "com.sajjad.Movie-AppTests";
				PRODUCT_NAME = "$(TARGET_NAME)";
				SWIFT_EMIT_LOC_STRINGS = NO;
				SWIFT_VERSION = 5.0;
				TARGETED_DEVICE_FAMILY = "1,2";
				TEST_HOST = "$(BUILT_PRODUCTS_DIR)/Movie App.app/$(BUNDLE_EXECUTABLE_FOLDER_PATH)/Movie App";
			};
			name = Debug;
		};
		B40542CF2C51F6C900261C5A /* Release */ = {
			isa = XCBuildConfiguration;
			buildSettings = {
				BUNDLE_LOADER = "$(TEST_HOST)";
				CODE_SIGN_STYLE = Automatic;
				CURRENT_PROJECT_VERSION = 1;
				DEVELOPMENT_TEAM = 37PRXS9M74;
				GENERATE_INFOPLIST_FILE = YES;
				MARKETING_VERSION = 1.0;
				PRODUCT_BUNDLE_IDENTIFIER = "com.sajjad.Movie-AppTests";
				PRODUCT_NAME = "$(TARGET_NAME)";
				SWIFT_EMIT_LOC_STRINGS = NO;
				SWIFT_VERSION = 5.0;
				TARGETED_DEVICE_FAMILY = "1,2";
				TEST_HOST = "$(BUILT_PRODUCTS_DIR)/Movie App.app/$(BUNDLE_EXECUTABLE_FOLDER_PATH)/Movie App";
			};
			name = Release;
		};
/* End XCBuildConfiguration section */

/* Begin XCConfigurationList section */
		B405421E2C51B05300261C5A /* Build configuration list for PBXProject "Movie App" */ = {
			isa = XCConfigurationList;
			buildConfigurations = (
				B40542352C51B05400261C5A /* Debug */,
				B40542362C51B05400261C5A /* Release */,
			);
			defaultConfigurationIsVisible = 0;
			defaultConfigurationName = Release;
		};
		B40542372C51B05400261C5A /* Build configuration list for PBXNativeTarget "Movie App" */ = {
			isa = XCConfigurationList;
			buildConfigurations = (
				B40542382C51B05400261C5A /* Debug */,
				B40542392C51B05400261C5A /* Release */,
			);
			defaultConfigurationIsVisible = 0;
			defaultConfigurationName = Release;
		};
		B40542CD2C51F6C900261C5A /* Build configuration list for PBXNativeTarget "Movie AppTests" */ = {
			isa = XCConfigurationList;
			buildConfigurations = (
				B40542CE2C51F6C900261C5A /* Debug */,
				B40542CF2C51F6C900261C5A /* Release */,
			);
			defaultConfigurationIsVisible = 0;
			defaultConfigurationName = Release;
		};
/* End XCConfigurationList section */

/* Begin XCRemoteSwiftPackageReference section */
		B40542AC2C51DD7000261C5A /* XCRemoteSwiftPackageReference "Kingfisher" */ = {
			isa = XCRemoteSwiftPackageReference;
			repositoryURL = "https://github.com/onevcat/Kingfisher";
			requirement = {
				kind = upToNextMajorVersion;
				minimumVersion = 7.12.0;
			};
		};
/* End XCRemoteSwiftPackageReference section */

/* Begin XCSwiftPackageProductDependency section */
		B40542AD2C51DD7000261C5A /* Kingfisher */ = {
			isa = XCSwiftPackageProductDependency;
			package = B40542AC2C51DD7000261C5A /* XCRemoteSwiftPackageReference "Kingfisher" */;
			productName = Kingfisher;
		};
/* End XCSwiftPackageProductDependency section */
	};
	rootObject = B405421B2C51B05300261C5A /* Project object */;
}
